github.com/davecgh/go-spew v1.1.1 h1:vj9j/u1bqnvCEfJOwUhtlOARqs3+rkHYY13jYWTU97c=
github.com/davecgh/go-spew v1.1.1/go.mod h1:J7Y8YcW2NihsgmVo/mv3lAwl/skON4iLHjSsI+c5H38=
github.com/emicklei/go-restful/v3 v3.11.0 h1:6n3XBCmQQb25CM2LCACGz8ukIrRry+4bhvbpWn3mrbc=
github.com/emicklei/go-restful/v3 v3.11.0/go.mod h1:6e3DO3YktKYSxhTBMRdKcMSBze7JTJ3m6wxKIh2IE2M=
github.com/go-logr/logr v1.3.0 h1:2D3Vh4O2KMT/vHfCkCrSYcLrmXBrlvKtRsUlRJwl9RI=
github.com/go-logr/logr v1.3.0/go.mod h1:9T104GzyrTecFIKRDaBR81MP3hdZtHPbKk8T7RrK6CA=
github.com/go-openapi/jsonpointer v0.20.0 h1:JrhH5Qw2K5GkOJYIeJ2MZs1MfBc2cKrm3S/EBLkNDvI=
github.com/go-openapi/jsonpointer v0.20.0/go.mod h1:N9z068yf+GZSVLQOU5Jrxe2aqAAECc06QFPdTvdTpPw=
github.com/go-openapi/jsonreference v0.20.2 h1:3sVjiK66+uXK/6oQSGxjkrPTgq0Qv4wCOBzKkXJy2p8=
github.com/go-openapi/jsonreference v0.20.2/go.mod h1:Bl1zwGIM8/wsvqmqEvhsxT0NwhpZnjZK8fL0S18dHqM=
github.com/go-openapi/swag v0.22.4 h1:QTaACrCLwGVhEdP+4FdsWde1FelFsGjgLCrfZfe0HrI=
github.com/go-openapi/swag v0.22.4/go.mod h1:Pyj1+RIwClgJDEgEMM0gINfdRo2LP1hdns1WzrqBmrM=
github.com/gogo/protobuf v1.3.2 h1:Ov1cvc58UF3b5XjBnZv7+opcTcQFZebYjWzi34vdm4Q=
github.com/gogo/protobuf v1.3.2/go.mod h1:Uy6iRSDmHPKVsx6Sf9jAgN00kxKnSDqT58AhyNPdXp4=
github.com/golang/protobuf v1.5.3 h1:KhyjKVUg7Usr/dYsdSqoFveMYdvdosmsIY9HBntjTOQ=
github.com/golang/protobuf v1.5.3/go.mod h1:XVQd3VNwM+JqD3oG2Uye2MgoPTSEAh1RJn7Jg1V2UV0=
github.com/google/gnostic-models v0.6.8 h1:1BYdLvTF5dMvJ1XmFd1X5jhkZ2K7H1s7GJd2v2vQ52Q=
github.com/google/gnostic-models v0.6.8/go.mod h1:DkRI4WhQ6SCGLBFcAV2ZfDLYoKrAN3mclQKzT4sG3E4=
github.com/google/go-cmp v0.6.0 h1:ofyhxvXcZhMsU5ulbFiLKl/XBFqE1GSq7f71TIe85I=
github.com/google/go-cmp v0.6.0/go.mod h1:17dUlkBOakJ0+DkrSSNjCkIjxS6bF9zb3elmeNGIjoY=
github.com/google/gofuzz v1.2.0 h1:PHqJvImuK1NxnJYlUo2MVQqHEzRi49gfh1TP0fsBnVI=
github.com/google/gofuzz v1.2.0/go.mod h1:TdGKtmqBZ7S4GDSugCYhk9Ud7oJ8X4Fb7Uf4rPRzi7k=
github.com/google/uuid v1.4.0 h1:MkMshB5iKqcjlUpaBNYZBYkBWQ7gR2M3VhAlC7akd3Y=
github.com/google/uuid v1.4.0/go.mod h1:TIyPZe4MgqvfeYDBFedMoGGpEw/LqOeaOT+nhxU+yHo=
github.com/imdario/mergo v0.3.16 h1:kRS8zvBPCFFL3IVKLg8W2zEWqg7Xx45c68rq9cGcT3Q=
github.com/imdario/mergo v0.3.16/go.mod h1:zfN3QbdmVnJh6Wx9ijZf16Q6qe4ABK9jAMfMLWFh2NI=
github.com/josharian/intern v1.0.0 h1:vlS4z54oSdjm0bgjRigI+G1HpF+tI+9rE5LLzOg8HmY=
github.com/josharian/intern v1.0.0/go.mod h1:5DoeAV0+srlvPJUvZdcTcfofayW9RVj2WliD7W0GfP8=
github.com/json-iterator/go v1.1.12 h1:PV8peI4a0ysndzVHxLkpnrINjDhTcUa6vlxwjRIfvkA=
github.com/json-iterator/go v1.1.12/go.mod h1:e30LSqwooZae/UwlEbR2852Gd8hjQvJoHmT4TnhNGBo=
github.com/mailru/easyjson v0.7.7 h1:UGYAvKxe3sBsEDzO8ZeWOSlIQfWFlxbzLZe7hwFURq0=
github.com/mailru/easyjson v0.7.7/go.mod h1:xzfreul335JAWq5oZzymOObragdjuQbT+31e+8k+WsA=
github.com/modern-go/concurrent v0.0.0-20180306012644-bacd9c7ef1dd h1:TRLaZ9cD/w8PVh93nsPXa1VrQ6jlwLn5YfqvvcKq1D8=
github.com/modern-go/concurrent v0.0.0-20180306012644-bacd9c7ef1dd/go.mod h1:6dJC0mAP4ikYIbvyc7yYqF46j6j/rdHcSN5xmtLk1Gc=
github.com/modern-go/reflect2 v1.0.2 h1:xBagoLtFs94CBntxWaNf34s4rSMIRGEomAR2R8hLo0s=
github.com/modern-go/reflect2 v1.0.2/go.mod h1:yWuevngXJ69qJqwr4QjGgdlGGLnZf1hshU2M8WL8zlo=
github.com/munnerz/goautoneg v0.0.0-20191010083416-a7dc8b61c822 h1:C3w9P7X5uAL4Sy0v+yGHWtVIhs1z2nycnh1W4QiJp/0=
github.com/munnerz/goautoneg v0.0.0-20191010083416-a7dc8b61c822/go.mod h1:+n7T8mK8HuQTcFowwFDT/1w5dUJpaMlRfqhmbhF6p+M=
github.com/spf13/pflag v1.0.5 h1:iy+VFUOCP1a+8yFto/drg2CJ5u0yRoB7fZw3DKv/JXA=
github.com/spf13/pflag v1.0.5/go.mod h1:McXfInJRrz4CZXVZOBLb0bTZqETkiAhM9Iw0y3An2Bg=
golang.org/x/net v0.17.0 h1:pVaXccu2ozPjCXewfr1S7xza/IehiALv+S+YrbeoMvs=
golang.org/x/net v0.17.0/go.mod h1:NxSsAGuq816PNPmqtQdLE42eU2Fs7NoRIZrHJAlaCOE=
golang.org/x/oauth2 v0.13.0 h1:vSAMUE9PZ61DjOcpC/+bODoTzuRd26FeNLIkUObK3zs=
golang.org/x/oauth2 v0.13.0/go.mod h1:/o8yvf0CCZkj+J1v9bQ9vtW9B6yzvAhSwvKvUBqPqsI=
golang.org/x/sys v0.13.0 h1:Af8nKPmuFypiUBjVoU9V20FiaFXOcuZI21p0ycVYYGE=
golang.org/x/sys v0.13.0/go.mod h1:oPkhp1MJrh7nUepCBck5+mAzfO9JbApXrCVK5E2HE4Q=
golang.org/x/term v0.13.0 h1:BB+DKI8xxXpdzqndJ8uGVlB9nsVWXxtgFvGmYcWYOkA=
golang.org/x/term v0.13.0/go.mod h1:LTmsnFJwVN6bCy1rVCoS+qHT1HhALEFxKncY3WNNh4U=
golang.org/x/text v0.13.0 h1:ablQoSUd0tRdKxZewP80BqvaqoaDQDTdp+V28S/5fU4=
golang.org/x/text v0.13.0/go.mod h1:TvPlkZtksWOMsz7fbANvkp4WM8x/WCo/om8BMLbz+aE=
golang.org/x/time v0.3.0 h1:rg5rLMjNzMS1RkNLzCG38eapWhnYLFrXbh4I/T6W9vE=
golang.org/x/time v0.3.0/go.mod h1:9DlM7vR5gXNwMPAEfHbbAhAjKf8T+o5cQaZcQHxv+oI=
google.golang.org/appengine v1.6.8 h1:IhEN5q69dyKAGZPYMWVLGPA4SiiKQWiRD9yrHf0X7YQ=
google.golang.org/appengine v1.6.8/go.mod h1:1bJr7cSISk5USslBXIgSSJ0rJNqQZNOslKd1bRvv9Yg=
google.golang.org/protobuf v1.31.0 h1:g0LDEJHgrBl9N9r17Ru3sqWhkIx2NB67okBHPwC7hs8=
google.golang.org/protobuf v1.31.0/go.mod h1:HV8QOd/L58Z+nl8r43ehVNZIU/HEI6OcFqwMG9pJV4I=
gopkg.in/inf.v0 v0.9.1 h1:73M5CoZyi3ZLMOyDlQtc2e7vZjzTQRaLkrqBlESlz6U=
gopkg.in/inf.v0 v0.9.1/go.mod h1:cW6dGv6DzIaqtT26YxqYvxWzS9nl0bw9ELSZhQzQJ7E=
gopkg.in/yaml.v2 v2.4.0 h1:D8xgwECY7CYvx+Y2n4sBz93Jn9JRvxdiyyo8CTfuKaY=
gopkg.in/yaml.v2 v2.4.0/go.mod h1:RDklbk79AGWmwhnvt/jBztapEOGDOx6ZbXqjP6csGnQ=
gopkg.in/yaml.v3 v3.0.1 h1:fxVm/GzAzEWqLHuvctI91KS9hhNmmWOoWu0XTYJS7CA=
gopkg.in/yaml.v3 v3.0.1/go.mod h1:K4uyk7z3cZwS5rHqN4L5G5c6s5d9q5f5d5e5f5e5e5e=
k8s.io/api v0.28.4 h1:SE2jcvLzKV4+tHMGFMZkNkFLqZaZw6C5qJ8BfGs0jjs=
k8s.io/api v0.28.4/go.mod h1:ryj6FrPjAIn3wzcF2KmN4KnLGTB5Er0cHhOdQP4gdE8=
k8s.io/apimachinery v0.28.4 h1:zBcWU0pVpjNYn3G9LMnfqAXKG8VzLsJk1zJqKv/q/IU=
k8s.io/apimachinery v0.28.4/go.mod h1:wI3QBD9A1aK4fH8MyO0ZkWZqNwMBhB1KRwfXJMa1GJw=
k8s.io/client-go v0.28.4 h1:kRPzH5/jLuR9TgXb5oNKrMwzNvGOEmZN05S8oQU5L4c=
k8s.io/client-go v0.28.4/go.mod h1:dz1fk5IiBPqE8qfB6TJ0I6HxdgBqPgGOAv3rv2kqMPU=
k8s.io/klog/v2 v2.110.1 h1:U/Af64HJf7FcwFxXDar2FVZ1tIPuGQFaIZqmqK3kz+k=
k8s.io/klog/v2 v2.110.1/go.mod h1:YGtd1986JMCJUoqv1LiMJRYW7BrbK9p5qPwNM9xWsKA=
k8s.io/kube-openapi v0.0.0-20231011775157-e6d2a353f23b h1:aXZ5XJDn1VTkGsKy0GVgKSNAUlqovLcAv8iqHw9kNuk=
k8s.io/kube-openapi v0.0.0-20231011775157-e6d2a353f23b/go.mod h1:As7I0ZZw7pZTgJDy2Wf/vc4VXeQI3QwT44w9BJEUqgQ=
k8s.io/utils v0.0.0-20230726121419-3b25d923346b h1:icD5gM6gxzJGTGVejf0CPbRYBuQIDCSaQQqAG4wGlGs=
k8s.io/utils v0.0.0-20230726121419-3b25d923346b/go.mod h1:OLgZIPagt7ERELqWJFomSt595RzquPNLL48iOWgYOg0=
sigs.k8s.io/json v0.0.0-20221116044647-bc3834ca7abd h1:EDPBXAsTJSIh7WJZ8LGwHT/XzKJrGAjvQdE6G2pD8ok=
sigs.k8s.io/json v0.0.0-20221116044647-bc3834ca7abd/go.mod h1:B8JuhiUyNFVKdsE8h686QcCxMaH6HrOAZj4vswFpcB0=
sigs.k8s.io/structured-merge-diff/v4 v4.4.1 h1:150L+220+U8IE9Ah2BUpQcp2l7p+R/N9CVzPF04tV+A=
sigs.k8s.io/structured-merge-diff/v4 v4.4.1/go.mod h1:N8hJocDsPXmlf6wTi4y9p3j4twYYkvoZJ6xThLITf0I=
sigs.k8s.io/yaml v1.4.0 h1:Mk1wCc2gy/F0THH0TAp1QYyJNzRm2KCLy3o5ASj+v5w=
sigs.k8s.io/yaml v1.4.0/go.mod h1:Ejl7/uTz7uAefZz2DbOB3jHh9aL1Y+BNdVNYNlGPlhM=
